
Microsoft Visual Studio Solution File, Format Version 12.00
# Visual Studio Version 16
VisualStudioVersion = 16.0.29519.181
MinimumVisualStudioVersion = 10.0.40219.1
Project("{9A19103F-16F7-4668-BE54-9A1E7A4F7556}") = "Domain", "Domain\Domain.csproj", "{18BB2A05-FFEE-4363-B89A-2E69C665D3D2}"
EndProject
Project("{9A19103F-16F7-4668-BE54-9A1E7A4F7556}") = "EfDataAccess", "EfDataAccess\EfDataAccess.csproj", "{DB7D5E9A-2DDE-454F-AAA3-DCEBE83536E8}"
EndProject
Project("{9A19103F-16F7-4668-BE54-9A1E7A4F7556}") = "Application", "Application\Application.csproj", "{07F7FC2D-68DE-4B83-972C-3D85E24C0BC9}"
EndProject
Project("{9A19103F-16F7-4668-BE54-9A1E7A4F7556}") = "EfCommands", "EfCommands\EfCommands.csproj", "{9B78EBD8-004E-43EB-8060-F28D88A950C0}"
EndProject
Project("{9A19103F-16F7-4668-BE54-9A1E7A4F7556}") = "ProductManagement", "ProductManagement\ProductManagement.csproj", "{5AB35347-5BE8-4C00-B8CB-DCC0A570643B}"
EndProject
Project("{FAE04EC0-301F-11D3-BF4B-00C04F79EFBC}") = "JsonDataAccess", "JsonDataAccess\JsonDataAccess.csproj", "{D76DF0F7-1B11-4095-9341-EA5D68F38DAB}"
EndProject
Project("{FAE04EC0-301F-11D3-BF4B-00C04F79EFBC}") = "JsonCommands", "JsonCommands\JsonCommands.csproj", "{CD11140A-DFDF-462A-BAC3-F8E52483FB3D}"
EndProject
Global
	GlobalSection(SolutionConfigurationPlatforms) = preSolution
		Debug|Any CPU = Debug|Any CPU
		Release|Any CPU = Release|Any CPU
	EndGlobalSection
	GlobalSection(ProjectConfigurationPlatforms) = postSolution
		{18BB2A05-FFEE-4363-B89A-2E69C665D3D2}.Debug|Any CPU.ActiveCfg = Debug|Any CPU
		{18BB2A05-FFEE-4363-B89A-2E69C665D3D2}.Debug|Any CPU.Build.0 = Debug|Any CPU
		{18BB2A05-FFEE-4363-B89A-2E69C665D3D2}.Release|Any CPU.ActiveCfg = Release|Any CPU
		{18BB2A05-FFEE-4363-B89A-2E69C665D3D2}.Release|Any CPU.Build.0 = Release|Any CPU
		{DB7D5E9A-2DDE-454F-AAA3-DCEBE83536E8}.Debug|Any CPU.ActiveCfg = Debug|Any CPU
		{DB7D5E9A-2DDE-454F-AAA3-DCEBE83536E8}.Debug|Any CPU.Build.0 = Debug|Any CPU
		{DB7D5E9A-2DDE-454F-AAA3-DCEBE83536E8}.Release|Any CPU.ActiveCfg = Release|Any CPU
		{DB7D5E9A-2DDE-454F-AAA3-DCEBE83536E8}.Release|Any CPU.Build.0 = Release|Any CPU
		{07F7FC2D-68DE-4B83-972C-3D85E24C0BC9}.Debug|Any CPU.ActiveCfg = Debug|Any CPU
		{07F7FC2D-68DE-4B83-972C-3D85E24C0BC9}.Debug|Any CPU.Build.0 = Debug|Any CPU
		{07F7FC2D-68DE-4B83-972C-3D85E24C0BC9}.Release|Any CPU.ActiveCfg = Release|Any CPU
		{07F7FC2D-68DE-4B83-972C-3D85E24C0BC9}.Release|Any CPU.Build.0 = Release|Any CPU
		{9B78EBD8-004E-43EB-8060-F28D88A950C0}.Debug|Any CPU.ActiveCfg = Debug|Any CPU
		{9B78EBD8-004E-43EB-8060-F28D88A950C0}.Debug|Any CPU.Build.0 = Debug|Any CPU
		{9B78EBD8-004E-43EB-8060-F28D88A950C0}.Release|Any CPU.ActiveCfg = Release|Any CPU
		{9B78EBD8-004E-43EB-8060-F28D88A950C0}.Release|Any CPU.Build.0 = Release|Any CPU
		{5AB35347-5BE8-4C00-B8CB-DCC0A570643B}.Debug|Any CPU.ActiveCfg = Debug|Any CPU
		{5AB35347-5BE8-4C00-B8CB-DCC0A570643B}.Debug|Any CPU.Build.0 = Debug|Any CPU
		{5AB35347-5BE8-4C00-B8CB-DCC0A570643B}.Release|Any CPU.ActiveCfg = Release|Any CPU
		{5AB35347-5BE8-4C00-B8CB-DCC0A570643B}.Release|Any CPU.Build.0 = Release|Any CPU
		{D76DF0F7-1B11-4095-9341-EA5D68F38DAB}.Debug|Any CPU.ActiveCfg = Debug|Any CPU
		{D76DF0F7-1B11-4095-9341-EA5D68F38DAB}.Debug|Any CPU.Build.0 = Debug|Any CPU
		{D76DF0F7-1B11-4095-9341-EA5D68F38DAB}.Release|Any CPU.ActiveCfg = Release|Any CPU
		{D76DF0F7-1B11-4095-9341-EA5D68F38DAB}.Release|Any CPU.Build.0 = Release|Any CPU
		{CD11140A-DFDF-462A-BAC3-F8E52483FB3D}.Debug|Any CPU.ActiveCfg = Debug|Any CPU
		{CD11140A-DFDF-462A-BAC3-F8E52483FB3D}.Debug|Any CPU.Build.0 = Debug|Any CPU
		{CD11140A-DFDF-462A-BAC3-F8E52483FB3D}.Release|Any CPU.ActiveCfg = Release|Any CPU
		{CD11140A-DFDF-462A-BAC3-F8E52483FB3D}.Release|Any CPU.Build.0 = Release|Any CPU
	EndGlobalSection
	GlobalSection(SolutionProperties) = preSolution
		HideSolutionNode = FALSE
	EndGlobalSection
	GlobalSection(ExtensibilityGlobals) = postSolution
		SolutionGuid = {B7856FF2-D6CB-4A7A-99D5-2BC7742FE17C}
	EndGlobalSection
EndGlobal
